// !$*UTF8*$!
{
	archiveVersion = 1;
	classes = {
	};
	objectVersion = 46;
	objects = {

/* Begin PBXBuildFile section */
		5F2A3BB31E227D1D00C3EA6B /* ConstraintAnimator.swift in Sources */ = {isa = PBXBuildFile; fileRef = 5F2A3BB21E227D1D00C3EA6B /* ConstraintAnimator.swift */; };
		5F2E12091E3BE343008E591A /* bad.wav in Resources */ = {isa = PBXBuildFile; fileRef = 5F2E12071E3BE343008E591A /* bad.wav */; };
		5F2E120A1E3BE343008E591A /* ding.wav in Resources */ = {isa = PBXBuildFile; fileRef = 5F2E12081E3BE343008E591A /* ding.wav */; };
		5F2E120C1E3BE386008E591A /* AVFoundation.framework in Frameworks */ = {isa = PBXBuildFile; fileRef = 5F2E120B1E3BE386008E591A /* AVFoundation.framework */; };
		5F47D1DE1E392356008828C7 /* TimerView.xib in Resources */ = {isa = PBXBuildFile; fileRef = 5F47D1DD1E392356008828C7 /* TimerView.xib */; };
		5F47D1E01E392399008828C7 /* TimerView.swift in Sources */ = {isa = PBXBuildFile; fileRef = 5F47D1DF1E392399008828C7 /* TimerView.swift */; };
		5F4E08191E37CAE700E1FC03 /* CountdownTimer.swift in Sources */ = {isa = PBXBuildFile; fileRef = 5F4E08181E37CAE700E1FC03 /* CountdownTimer.swift */; };
		5F76E6B11E2D5C08006671D9 /* Card.swift in Sources */ = {isa = PBXBuildFile; fileRef = 5F76E6B01E2D5C08006671D9 /* Card.swift */; };
		5F76E6B31E2D5C16006671D9 /* Card.xib in Resources */ = {isa = PBXBuildFile; fileRef = 5F76E6B21E2D5C16006671D9 /* Card.xib */; };
		5F9BD2C61E2BB8D600201CA1 /* GameVC.swift in Sources */ = {isa = PBXBuildFile; fileRef = 5F9BD2C51E2BB8D600201CA1 /* GameVC.swift */; };
		5FD3B4691E21390A0047F4AA /* AppDelegate.swift in Sources */ = {isa = PBXBuildFile; fileRef = 5FD3B4681E21390A0047F4AA /* AppDelegate.swift */; };
		5FD3B46B1E21390A0047F4AA /* LoginVC.swift in Sources */ = {isa = PBXBuildFile; fileRef = 5FD3B46A1E21390A0047F4AA /* LoginVC.swift */; };
		5FD3B46E1E21390A0047F4AA /* Main.storyboard in Resources */ = {isa = PBXBuildFile; fileRef = 5FD3B46C1E21390A0047F4AA /* Main.storyboard */; };
		5FD3B4701E21390A0047F4AA /* Assets.xcassets in Resources */ = {isa = PBXBuildFile; fileRef = 5FD3B46F1E21390A0047F4AA /* Assets.xcassets */; };
		5FD3B4731E21390A0047F4AA /* LaunchScreen.storyboard in Resources */ = {isa = PBXBuildFile; fileRef = 5FD3B4711E21390A0047F4AA /* LaunchScreen.storyboard */; };
		5FD95A151E2262BA008905A7 /* CustomTextField.swift in Sources */ = {isa = PBXBuildFile; fileRef = 5FD95A141E2262BA008905A7 /* CustomTextField.swift */; };
		5FD95A171E226883008905A7 /* CustomButton.swift in Sources */ = {isa = PBXBuildFile; fileRef = 5FD95A161E226883008905A7 /* CustomButton.swift */; };
		9995333DE44FE14A64178F6A /* Pods_MindTeaser.framework in Frameworks */ = {isa = PBXBuildFile; fileRef = 2CE068A25EDE45AE780617C5 /* Pods_MindTeaser.framework */; };
/* End PBXBuildFile section */

/* Begin PBXFileReference section */
		2CE068A25EDE45AE780617C5 /* Pods_MindTeaser.framework */ = {isa = PBXFileReference; explicitFileType = wrapper.framework; includeInIndex = 0; path = Pods_MindTeaser.framework; sourceTree = BUILT_PRODUCTS_DIR; };
		5F2A3BB21E227D1D00C3EA6B /* ConstraintAnimator.swift */ = {isa = PBXFileReference; fileEncoding = 4; lastKnownFileType = sourcecode.swift; path = ConstraintAnimator.swift; sourceTree = "<group>"; };
		5F2E12071E3BE343008E591A /* bad.wav */ = {isa = PBXFileReference; lastKnownFileType = audio.wav; path = bad.wav; sourceTree = "<group>"; };
		5F2E12081E3BE343008E591A /* ding.wav */ = {isa = PBXFileReference; lastKnownFileType = audio.wav; path = ding.wav; sourceTree = "<group>"; };
		5F2E120B1E3BE386008E591A /* AVFoundation.framework */ = {isa = PBXFileReference; lastKnownFileType = wrapper.framework; name = AVFoundation.framework; path = System/Library/Frameworks/AVFoundation.framework; sourceTree = SDKROOT; };
		5F47D1DD1E392356008828C7 /* TimerView.xib */ = {isa = PBXFileReference; fileEncoding = 4; lastKnownFileType = file.xib; path = TimerView.xib; sourceTree = "<group>"; };
		5F47D1DF1E392399008828C7 /* TimerView.swift */ = {isa = PBXFileReference; fileEncoding = 4; lastKnownFileType = sourcecode.swift; path = TimerView.swift; sourceTree = "<group>"; };
		5F4E08181E37CAE700E1FC03 /* CountdownTimer.swift */ = {isa = PBXFileReference; fileEncoding = 4; lastKnownFileType = sourcecode.swift; path = CountdownTimer.swift; sourceTree = "<group>"; };
		5F76E6B01E2D5C08006671D9 /* Card.swift */ = {isa = PBXFileReference; fileEncoding = 4; lastKnownFileType = sourcecode.swift; path = Card.swift; sourceTree = "<group>"; };
		5F76E6B21E2D5C16006671D9 /* Card.xib */ = {isa = PBXFileReference; fileEncoding = 4; lastKnownFileType = file.xib; path = Card.xib; sourceTree = "<group>"; };
		5F9BD2C51E2BB8D600201CA1 /* GameVC.swift */ = {isa = PBXFileReference; fileEncoding = 4; lastKnownFileType = sourcecode.swift; path = GameVC.swift; sourceTree = "<group>"; };
		5FD3B4651E21390A0047F4AA /* MindTeaser.app */ = {isa = PBXFileReference; explicitFileType = wrapper.application; includeInIndex = 0; path = MindTeaser.app; sourceTree = BUILT_PRODUCTS_DIR; };
		5FD3B4681E21390A0047F4AA /* AppDelegate.swift */ = {isa = PBXFileReference; lastKnownFileType = sourcecode.swift; path = AppDelegate.swift; sourceTree = "<group>"; };
		5FD3B46A1E21390A0047F4AA /* LoginVC.swift */ = {isa = PBXFileReference; lastKnownFileType = sourcecode.swift; path = LoginVC.swift; sourceTree = "<group>"; };
		5FD3B46D1E21390A0047F4AA /* Base */ = {isa = PBXFileReference; lastKnownFileType = file.storyboard; name = Base; path = Base.lproj/Main.storyboard; sourceTree = "<group>"; };
		5FD3B46F1E21390A0047F4AA /* Assets.xcassets */ = {isa = PBXFileReference; lastKnownFileType = folder.assetcatalog; path = Assets.xcassets; sourceTree = "<group>"; };
		5FD3B4721E21390A0047F4AA /* Base */ = {isa = PBXFileReference; lastKnownFileType = file.storyboard; name = Base; path = Base.lproj/LaunchScreen.storyboard; sourceTree = "<group>"; };
		5FD3B4741E21390A0047F4AA /* Info.plist */ = {isa = PBXFileReference; lastKnownFileType = text.plist.xml; path = Info.plist; sourceTree = "<group>"; };
		5FD3B47A1E2140A30047F4AA /* MindTeaser-Bridging-Header.h */ = {isa = PBXFileReference; lastKnownFileType = sourcecode.c.h; path = "MindTeaser-Bridging-Header.h"; sourceTree = "<group>"; };
		5FD95A141E2262BA008905A7 /* CustomTextField.swift */ = {isa = PBXFileReference; fileEncoding = 4; lastKnownFileType = sourcecode.swift; path = CustomTextField.swift; sourceTree = "<group>"; };
		5FD95A161E226883008905A7 /* CustomButton.swift */ = {isa = PBXFileReference; fileEncoding = 4; lastKnownFileType = sourcecode.swift; path = CustomButton.swift; sourceTree = "<group>"; };
		8E25440D47E1BECC61E1B8AD /* Pods-MindTeaser.release.xcconfig */ = {isa = PBXFileReference; includeInIndex = 1; lastKnownFileType = text.xcconfig; name = "Pods-MindTeaser.release.xcconfig"; path = "Pods/Target Support Files/Pods-MindTeaser/Pods-MindTeaser.release.xcconfig"; sourceTree = "<group>"; };
		A75E5762FE3A50E046B11D3F /* Pods-MindTeaser.debug.xcconfig */ = {isa = PBXFileReference; includeInIndex = 1; lastKnownFileType = text.xcconfig; name = "Pods-MindTeaser.debug.xcconfig"; path = "Pods/Target Support Files/Pods-MindTeaser/Pods-MindTeaser.debug.xcconfig"; sourceTree = "<group>"; };
/* End PBXFileReference section */

/* Begin PBXFrameworksBuildPhase section */
		5FD3B4621E2139090047F4AA /* Frameworks */ = {
			isa = PBXFrameworksBuildPhase;
			buildActionMask = 2147483647;
			files = (
				5F2E120C1E3BE386008E591A /* AVFoundation.framework in Frameworks */,
				9995333DE44FE14A64178F6A /* Pods_MindTeaser.framework in Frameworks */,
			);
			runOnlyForDeploymentPostprocessing = 0;
		};
/* End PBXFrameworksBuildPhase section */

/* Begin PBXGroup section */
		292223019F86CEA45ED2B3AC /* Pods */ = {
			isa = PBXGroup;
			children = (
				A75E5762FE3A50E046B11D3F /* Pods-MindTeaser.debug.xcconfig */,
				8E25440D47E1BECC61E1B8AD /* Pods-MindTeaser.release.xcconfig */,
			);
			name = Pods;
			sourceTree = "<group>";
		};
		485680E6C3BE5BD78691433D /* Frameworks */ = {
			isa = PBXGroup;
			children = (
				5F2E120B1E3BE386008E591A /* AVFoundation.framework */,
				2CE068A25EDE45AE780617C5 /* Pods_MindTeaser.framework */,
			);
			name = Frameworks;
			sourceTree = "<group>";
		};
		5F2A3BB11E227D0E00C3EA6B /* Util */ = {
			isa = PBXGroup;
			children = (
				5F2A3BB21E227D1D00C3EA6B /* ConstraintAnimator.swift */,
				5F4E08181E37CAE700E1FC03 /* CountdownTimer.swift */,
			);
			name = Util;
			sourceTree = "<group>";
		};
		5F2E12061E3BE331008E591A /* Sounds */ = {
			isa = PBXGroup;
			children = (
				5F2E12071E3BE343008E591A /* bad.wav */,
				5F2E12081E3BE343008E591A /* ding.wav */,
			);
			name = Sounds;
			sourceTree = "<group>";
		};
		5F4E081A1E37E6B500E1FC03 /* Playgrounds */ = {
			isa = PBXGroup;
			children = (
			);
			name = Playgrounds;
			sourceTree = "<group>";
		};
		5FD3B45C1E2139090047F4AA = {
			isa = PBXGroup;
			children = (
				5FD3B4671E21390A0047F4AA /* MindTeaser */,
				5FD3B4661E21390A0047F4AA /* Products */,
				292223019F86CEA45ED2B3AC /* Pods */,
				485680E6C3BE5BD78691433D /* Frameworks */,
			);
			sourceTree = "<group>";
		};
		5FD3B4661E21390A0047F4AA /* Products */ = {
			isa = PBXGroup;
			children = (
				5FD3B4651E21390A0047F4AA /* MindTeaser.app */,
			);
			name = Products;
			sourceTree = "<group>";
		};
		5FD3B4671E21390A0047F4AA /* MindTeaser */ = {
			isa = PBXGroup;
			children = (
				5F2E12061E3BE331008E591A /* Sounds */,
				5F4E081A1E37E6B500E1FC03 /* Playgrounds */,
				5F2A3BB11E227D0E00C3EA6B /* Util */,
				5FD95A131E22628A008905A7 /* Controller */,
				5FD95A121E22627E008905A7 /* VIew */,
				5FD3B4681E21390A0047F4AA /* AppDelegate.swift */,
				5FD3B46C1E21390A0047F4AA /* Main.storyboard */,
				5FD3B46F1E21390A0047F4AA /* Assets.xcassets */,
				5FD3B4711E21390A0047F4AA /* LaunchScreen.storyboard */,
				5FD3B4741E21390A0047F4AA /* Info.plist */,
				5FD3B47A1E2140A30047F4AA /* MindTeaser-Bridging-Header.h */,
			);
			path = MindTeaser;
			sourceTree = "<group>";
		};
		5FD95A121E22627E008905A7 /* VIew */ = {
			isa = PBXGroup;
			children = (
				5FD95A141E2262BA008905A7 /* CustomTextField.swift */,
				5FD95A161E226883008905A7 /* CustomButton.swift */,
				5F76E6B01E2D5C08006671D9 /* Card.swift */,
				5F76E6B21E2D5C16006671D9 /* Card.xib */,
				5F47D1DD1E392356008828C7 /* TimerView.xib */,
				5F47D1DF1E392399008828C7 /* TimerView.swift */,
			);
			name = VIew;
			sourceTree = "<group>";
		};
		5FD95A131E22628A008905A7 /* Controller */ = {
			isa = PBXGroup;
			children = (
				5FD3B46A1E21390A0047F4AA /* LoginVC.swift */,
				5F9BD2C51E2BB8D600201CA1 /* GameVC.swift */,
			);
			name = Controller;
			sourceTree = "<group>";
		};
/* End PBXGroup section */

/* Begin PBXNativeTarget section */
		5FD3B4641E2139090047F4AA /* MindTeaser */ = {
			isa = PBXNativeTarget;
			buildConfigurationList = 5FD3B4771E21390A0047F4AA /* Build configuration list for PBXNativeTarget "MindTeaser" */;
			buildPhases = (
				CE2A9BA44057616EDCCD9B67 /* [CP] Check Pods Manifest.lock */,
				5FD3B4611E2139090047F4AA /* Sources */,
				5FD3B4621E2139090047F4AA /* Frameworks */,
				5FD3B4631E2139090047F4AA /* Resources */,
				71DC5C8E31AE5A573F2EEA18 /* [CP] Embed Pods Frameworks */,
				EB806B92D919E35F9587831E /* [CP] Copy Pods Resources */,
			);
			buildRules = (
			);
			dependencies = (
			);
			name = MindTeaser;
			productName = MindTeaser;
			productReference = 5FD3B4651E21390A0047F4AA /* MindTeaser.app */;
			productType = "com.apple.product-type.application";
		};
/* End PBXNativeTarget section */

/* Begin PBXProject section */
		5FD3B45D1E2139090047F4AA /* Project object */ = {
			isa = PBXProject;
			attributes = {
				LastSwiftUpdateCheck = 0820;
				LastUpgradeCheck = 0820;
				ORGANIZATIONNAME = "Karol Pilch";
				TargetAttributes = {
					5FD3B4641E2139090047F4AA = {
						CreatedOnToolsVersion = 8.2.1;
						DevelopmentTeam = 3E632972VT;
						LastSwiftMigration = 0820;
						ProvisioningStyle = Automatic;
					};
				};
			};
			buildConfigurationList = 5FD3B4601E2139090047F4AA /* Build configuration list for PBXProject "MindTeaser" */;
			compatibilityVersion = "Xcode 3.2";
			developmentRegion = English;
			hasScannedForEncodings = 0;
			knownRegions = (
				en,
				Base,
			);
			mainGroup = 5FD3B45C1E2139090047F4AA;
			productRefGroup = 5FD3B4661E21390A0047F4AA /* Products */;
			projectDirPath = "";
			projectRoot = "";
			targets = (
				5FD3B4641E2139090047F4AA /* MindTeaser */,
			);
		};
/* End PBXProject section */

/* Begin PBXResourcesBuildPhase section */
		5FD3B4631E2139090047F4AA /* Resources */ = {
			isa = PBXResourcesBuildPhase;
			buildActionMask = 2147483647;
			files = (
				5F2E12091E3BE343008E591A /* bad.wav in Resources */,
				5F2E120A1E3BE343008E591A /* ding.wav in Resources */,
				5F47D1DE1E392356008828C7 /* TimerView.xib in Resources */,
				5FD3B4731E21390A0047F4AA /* LaunchScreen.storyboard in Resources */,
				5FD3B4701E21390A0047F4AA /* Assets.xcassets in Resources */,
				5FD3B46E1E21390A0047F4AA /* Main.storyboard in Resources */,
				5F76E6B31E2D5C16006671D9 /* Card.xib in Resources */,
			);
			runOnlyForDeploymentPostprocessing = 0;
		};
/* End PBXResourcesBuildPhase section */

/* Begin PBXShellScriptBuildPhase section */
		71DC5C8E31AE5A573F2EEA18 /* [CP] Embed Pods Frameworks */ = {
			isa = PBXShellScriptBuildPhase;
			buildActionMask = 2147483647;
			files = (
			);
			inputPaths = (
			);
			name = "[CP] Embed Pods Frameworks";
			outputPaths = (
			);
			runOnlyForDeploymentPostprocessing = 0;
			shellPath = /bin/sh;
			shellScript = "\"${SRCROOT}/Pods/Target Support Files/Pods-MindTeaser/Pods-MindTeaser-frameworks.sh\"\n";
			showEnvVarsInLog = 0;
		};
		CE2A9BA44057616EDCCD9B67 /* [CP] Check Pods Manifest.lock */ = {
			isa = PBXShellScriptBuildPhase;
			buildActionMask = 2147483647;
			files = (
			);
			inputPaths = (
			);
			name = "[CP] Check Pods Manifest.lock";
			outputPaths = (
			);
			runOnlyForDeploymentPostprocessing = 0;
			shellPath = /bin/sh;
			shellScript = "diff \"${PODS_ROOT}/../Podfile.lock\" \"${PODS_ROOT}/Manifest.lock\" > /dev/null\nif [ $? != 0 ] ; then\n    # print error to STDERR\n    echo \"error: The sandbox is not in sync with the Podfile.lock. Run 'pod install' or update your CocoaPods installation.\" >&2\n    exit 1\nfi\n";
			showEnvVarsInLog = 0;
		};
		EB806B92D919E35F9587831E /* [CP] Copy Pods Resources */ = {
			isa = PBXShellScriptBuildPhase;
			buildActionMask = 2147483647;
			files = (
			);
			inputPaths = (
			);
			name = "[CP] Copy Pods Resources";
			outputPaths = (
			);
			runOnlyForDeploymentPostprocessing = 0;
			shellPath = /bin/sh;
			shellScript = "\"${SRCROOT}/Pods/Target Support Files/Pods-MindTeaser/Pods-MindTeaser-resources.sh\"\n";
			showEnvVarsInLog = 0;
		};
/* End PBXShellScriptBuildPhase section */

/* Begin PBXSourcesBuildPhase section */
		5FD3B4611E2139090047F4AA /* Sources */ = {
			isa = PBXSourcesBuildPhase;
			buildActionMask = 2147483647;
			files = (
				5F47D1E01E392399008828C7 /* TimerView.swift in Sources */,
				5FD95A171E226883008905A7 /* CustomButton.swift in Sources */,
				5FD3B46B1E21390A0047F4AA /* LoginVC.swift in Sources */,
				5F76E6B11E2D5C08006671D9 /* Card.swift in Sources */,
				5FD3B4691E21390A0047F4AA /* AppDelegate.swift in Sources */,
				5F2A3BB31E227D1D00C3EA6B /* ConstraintAnimator.swift in Sources */,
				5F9BD2C61E2BB8D600201CA1 /* GameVC.swift in Sources */,
				5FD95A151E2262BA008905A7 /* CustomTextField.swift in Sources */,
				5F4E08191E37CAE700E1FC03 /* CountdownTimer.swift in Sources */,
			);
			runOnlyForDeploymentPostprocessing = 0;
		};
/* End PBXSourcesBuildPhase section */

/* Begin PBXVariantGroup section */
		5FD3B46C1E21390A0047F4AA /* Main.storyboard */ = {
			isa = PBXVariantGroup;
			children = (
				5FD3B46D1E21390A0047F4AA /* Base */,
			);
			name = Main.storyboard;
			sourceTree = "<group>";
		};
		5FD3B4711E21390A0047F4AA /* LaunchScreen.storyboard */ = {
			isa = PBXVariantGroup;
			children = (
				5FD3B4721E21390A0047F4AA /* Base */,
			);
			name = LaunchScreen.storyboard;
			sourceTree = "<group>";
		};
/* End PBXVariantGroup section */

/* Begin XCBuildConfiguration section */
		5FD3B4751E21390A0047F4AA /* Debug */ = {
			isa = XCBuildConfiguration;
			buildSettings = {
				ALWAYS_SEARCH_USER_PATHS = NO;
				CLANG_ANALYZER_NONNULL = YES;
				CLANG_CXX_LANGUAGE_STANDARD = "gnu++0x";
				CLANG_CXX_LIBRARY = "libc++";
				CLANG_ENABLE_MODULES = YES;
				CLANG_ENABLE_OBJC_ARC = YES;
				CLANG_WARN_BOOL_CONVERSION = YES;
				CLANG_WARN_CONSTANT_CONVERSION = YES;
				CLANG_WARN_DIRECT_OBJC_ISA_USAGE = YES_ERROR;
				CLANG_WARN_DOCUMENTATION_COMMENTS = YES;
				CLANG_WARN_EMPTY_BODY = YES;
				CLANG_WARN_ENUM_CONVERSION = YES;
				CLANG_WARN_INFINITE_RECURSION = YES;
				CLANG_WARN_INT_CONVERSION = YES;
				CLANG_WARN_OBJC_ROOT_CLASS = YES_ERROR;
				CLANG_WARN_SUSPICIOUS_MOVE = YES;
				CLANG_WARN_UNREACHABLE_CODE = YES;
				CLANG_WARN__DUPLICATE_METHOD_MATCH = YES;
				"CODE_SIGN_IDENTITY[sdk=iphoneos*]" = "iPhone Developer";
				COPY_PHASE_STRIP = NO;
				DEBUG_INFORMATION_FORMAT = dwarf;
				ENABLE_STRICT_OBJC_MSGSEND = YES;
				ENABLE_TESTABILITY = YES;
				GCC_C_LANGUAGE_STANDARD = gnu99;
				GCC_DYNAMIC_NO_PIC = NO;
				GCC_NO_COMMON_BLOCKS = YES;
				GCC_OPTIMIZATION_LEVEL = 0;
				GCC_PREPROCESSOR_DEFINITIONS = (
					"DEBUG=1",
					"$(inherited)",
				);
				GCC_WARN_64_TO_32_BIT_CONVERSION = YES;
				GCC_WARN_ABOUT_RETURN_TYPE = YES_ERROR;
				GCC_WARN_UNDECLARED_SELECTOR = YES;
				GCC_WARN_UNINITIALIZED_AUTOS = YES_AGGRESSIVE;
				GCC_WARN_UNUSED_FUNCTION = YES;
				GCC_WARN_UNUSED_VARIABLE = YES;
				IPHONEOS_DEPLOYMENT_TARGET = 10.2;
				MTL_ENABLE_DEBUG_INFO = YES;
				ONLY_ACTIVE_ARCH = YES;
				SDKROOT = iphoneos;
				SWIFT_ACTIVE_COMPILATION_CONDITIONS = DEBUG;
				SWIFT_OPTIMIZATION_LEVEL = "-Onone";
				TARGETED_DEVICE_FAMILY = "1,2";
			};
			name = Debug;
		};
		5FD3B4761E21390A0047F4AA /* Release */ = {
			isa = XCBuildConfiguration;
			buildSettings = {
				ALWAYS_SEARCH_USER_PATHS = NO;
				CLANG_ANALYZER_NONNULL = YES;
				CLANG_CXX_LANGUAGE_STANDARD = "gnu++0x";
				CLANG_CXX_LIBRARY = "libc++";
				CLANG_ENABLE_MODULES = YES;
				CLANG_ENABLE_OBJC_ARC = YES;
				CLANG_WARN_BOOL_CONVERSION = YES;
				CLANG_WARN_CONSTANT_CONVERSION = YES;
				CLANG_WARN_DIRECT_OBJC_ISA_USAGE = YES_ERROR;
				CLANG_WARN_DOCUMENTATION_COMMENTS = YES;
				CLANG_WARN_EMPTY_BODY = YES;
				CLANG_WARN_ENUM_CONVERSION = YES;
				CLANG_WARN_INFINITE_RECURSION = YES;
				CLANG_WARN_INT_CONVERSION = YES;
				CLANG_WARN_OBJC_ROOT_CLASS = YES_ERROR;
				CLANG_WARN_SUSPICIOUS_MOVE = YES;
				CLANG_WARN_UNREACHABLE_CODE = YES;
				CLANG_WARN__DUPLICATE_METHOD_MATCH = YES;
				"CODE_SIGN_IDENTITY[sdk=iphoneos*]" = "iPhone Developer";
				COPY_PHASE_STRIP = NO;
				DEBUG_INFORMATION_FORMAT = "dwarf-with-dsym";
				ENABLE_NS_ASSERTIONS = NO;
				ENABLE_STRICT_OBJC_MSGSEND = YES;
				GCC_C_LANGUAGE_STANDARD = gnu99;
				GCC_NO_COMMON_BLOCKS = YES;
				GCC_WARN_64_TO_32_BIT_CONVERSION = YES;
				GCC_WARN_ABOUT_RETURN_TYPE = YES_ERROR;
				GCC_WARN_UNDECLARED_SELECTOR = YES;
				GCC_WARN_UNINITIALIZED_AUTOS = YES_AGGRESSIVE;
				GCC_WARN_UNUSED_FUNCTION = YES;
				GCC_WARN_UNUSED_VARIABLE = YES;
				IPHONEOS_DEPLOYMENT_TARGET = 10.2;
				MTL_ENABLE_DEBUG_INFO = NO;
				SDKROOT = iphoneos;
				SWIFT_OPTIMIZATION_LEVEL = "-Owholemodule";
				TARGETED_DEVICE_FAMILY = "1,2";
				VALIDATE_PRODUCT = YES;
			};
			name = Release;
		};
		5FD3B4781E21390A0047F4AA /* Debug */ = {
			isa = XCBuildConfiguration;
			baseConfigurationReference = A75E5762FE3A50E046B11D3F /* Pods-MindTeaser.debug.xcconfig */;
			buildSettings = {
				ASSETCATALOG_COMPILER_APPICON_NAME = AppIcon;
				CLANG_ENABLE_MODULES = YES;
				DEVELOPMENT_TEAM = 3E632972VT;
				INFOPLIST_FILE = MindTeaser/Info.plist;
				LD_RUNPATH_SEARCH_PATHS = "$(inherited) @executable_path/Frameworks";
				PRODUCT_BUNDLE_IDENTIFIER = edu.karoop.MindTeaser;
				PRODUCT_NAME = "$(TARGET_NAME)";
				SWIFT_OBJC_BRIDGING_HEADER = "MindTeaser/MindTeaser-Bridging-Header.h";
				SWIFT_OPTIMIZATION_LEVEL = "-Onone";
				SWIFT_VERSION = 3.0;
			};
			name = Debug;
		};
		5FD3B4791E21390A0047F4AA /* Release */ = {
			isa = XCBuildConfiguration;
			baseConfigurationReference = 8E25440D47E1BECC61E1B8AD /* Pods-MindTeaser.release.xcconfig */;
			buildSettings = {
				ASSETCATALOG_COMPILER_APPICON_NAME = AppIcon;
				CLANG_ENABLE_MODULES = YES;
				DEVELOPMENT_TEAM = 3E632972VT;
				INFOPLIST_FILE = MindTeaser/Info.plist;
				LD_RUNPATH_SEARCH_PATHS = "$(inherited) @executable_path/Frameworks";
				PRODUCT_BUNDLE_IDENTIFIER = edu.karoop.MindTeaser;
				PRODUCT_NAME = "$(TARGET_NAME)";
				SWIFT_OBJC_BRIDGING_HEADER = "MindTeaser/MindTeaser-Bridging-Header.h";
				SWIFT_VERSION = 3.0;
			};
			name = Release;
		};
/* End XCBuildConfiguration section */

/* Begin XCConfigurationList section */
		5FD3B4601E2139090047F4AA /* Build configuration list for PBXProject "MindTeaser" */ = {
			isa = XCConfigurationList;
			buildConfigurations = (
				5FD3B4751E21390A0047F4AA /* Debug */,
				5FD3B4761E21390A0047F4AA /* Release */,
			);
			defaultConfigurationIsVisible = 0;
			defaultConfigurationName = Release;
		};
		5FD3B4771E21390A0047F4AA /* Build configuration list for PBXNativeTarget "MindTeaser" */ = {
			isa = XCConfigurationList;
			buildConfigurations = (
				5FD3B4781E21390A0047F4AA /* Debug */,
				5FD3B4791E21390A0047F4AA /* Release */,
			);
			defaultConfigurationIsVisible = 0;
			defaultConfigurationName = Release;
		};
/* End XCConfigurationList section */
	};
	rootObject = 5FD3B45D1E2139090047F4AA /* Project object */;
}
